
Microsoft Visual Studio Solution File, Format Version 12.00
# Visual Studio Version 17
VisualStudioVersion = 17.4.33205.214
MinimumVisualStudioVersion = 10.0.40219.1
Project("{FAE04EC0-301F-11D3-BF4B-00C04F79EFBC}") = "junior12", "junior12\junior12.csproj", "{EAE89CCF-9B88-4ABE-8136-316079407287}"
EndProject
Global
	GlobalSection(SolutionConfigurationPlatforms) = preSolution
		Debug|Any CPU = Debug|Any CPU
		Release|Any CPU = Release|Any CPU
	EndGlobalSection
	GlobalSection(ProjectConfigurationPlatforms) = postSolution
		{EAE89CCF-9B88-4ABE-8136-316079407287}.Debug|Any CPU.ActiveCfg = Debug|Any CPU
		{EAE89CCF-9B88-4ABE-8136-316079407287}.Debug|Any CPU.Build.0 = Debug|Any CPU
		{EAE89CCF-9B88-4ABE-8136-316079407287}.Release|Any CPU.ActiveCfg = Release|Any CPU
		{EAE89CCF-9B88-4ABE-8136-316079407287}.Release|Any CPU.Build.0 = Release|Any CPU
	EndGlobalSection
	GlobalSection(SolutionProperties) = preSolution
		HideSolutionNode = FALSE
	EndGlobalSection
	GlobalSection(ExtensibilityGlobals) = postSolution
		SolutionGuid = {97A5F598-2E07-44B1-8CAE-C6457B3026A7}
	EndGlobalSection
EndGlobal
